// !$*UTF8*$!
{
	archiveVersion = 1;
	classes = {
	};
	objectVersion = 77;
	objects = {

/* Begin PBXBuildFile section */
		018F899DDB0B418C4F9F6CBC /* FeedCoordinator+Preparation.swift in Sources */ = {isa = PBXBuildFile; fileRef = B142B0B34D1A5E0AC5E33C04 /* FeedCoordinator+Preparation.swift */; };
		0214C86C799E3ED73FAEAD64 /* PlayerRenderTarget.swift in Sources */ = {isa = PBXBuildFile; fileRef = 25894674E81297F1F81C4BE8 /* PlayerRenderTarget.swift */; };
		03B855B8DA00C6B13895A17D /* SessionExporter.swift in Sources */ = {isa = PBXBuildFile; fileRef = CD66FC97E815EE3DA015F3D2 /* SessionExporter.swift */; };
		065F4D87A03A6D31C37FAEB5 /* MemorySampler.swift in Sources */ = {isa = PBXBuildFile; fileRef = FBA88634B5DFF5552595FB2D /* MemorySampler.swift */; };
		0C859E363D84E4109C782917 /* HUDController.swift in Sources */ = {isa = PBXBuildFile; fileRef = 43F801017EEAC7C6351703EF /* HUDController.swift */; };
		0E3BD5EBF93C910053D7BF38 /* AVFoundationAdapters.swift in Sources */ = {isa = PBXBuildFile; fileRef = A327E69BFC82A76B0F645ACD /* AVFoundationAdapters.swift */; };
		0E69E1817F7F138638F85D12 /* short-form.json in Resources */ = {isa = PBXBuildFile; fileRef = 3BB8F52B336E524421F90971 /* short-form.json */; };
		11DF6E0010E9F372429AB365 /* MemoryPeakTrackerTests.swift in Sources */ = {isa = PBXBuildFile; fileRef = 1B05B9B6AA706E5406281DD9 /* MemoryPeakTrackerTests.swift */; };
		136135E56A998CC954091785 /* DashboardModel.swift in Sources */ = {isa = PBXBuildFile; fileRef = C4AA2D9843C95331C272C3E0 /* DashboardModel.swift */; };
		14C2BA042C9835EA43BB1EA5 /* MetricsPurityTests.swift in Sources */ = {isa = PBXBuildFile; fileRef = 3D9AE5EC777578D8FE109B5F /* MetricsPurityTests.swift */; };
		173E35C4687160E0D0C3ECEC /* SessionStore.swift in Sources */ = {isa = PBXBuildFile; fileRef = A2C03B169022CBF0A21E1420 /* SessionStore.swift */; };
		1A5C44DCD25693BC9F4120AA /* TimestampSource.swift in Sources */ = {isa = PBXBuildFile; fileRef = D628DE5C72326B41E9E943E4 /* TimestampSource.swift */; };
		1E7F69EAB0155F75737581CF /* SessionSummary.swift in Sources */ = {isa = PBXBuildFile; fileRef = B54BFF866EB77A3FF110D9D0 /* SessionSummary.swift */; };
		23186B17940A3C6CCC879304 /* PlaybackSignposter.swift in Sources */ = {isa = PBXBuildFile; fileRef = D9FB0700BC12A434BE912B9F /* PlaybackSignposter.swift */; };
		260773A02575D57D00B99D60 /* ContentSource.swift in Sources */ = {isa = PBXBuildFile; fileRef = FC2B8393D6A5799A2E126A3D /* ContentSource.swift */; };
		3583BA7618AD02F9E52F5974 /* ManifestLoaderTests.swift in Sources */ = {isa = PBXBuildFile; fileRef = 031E241B9110B92BD1718054 /* ManifestLoaderTests.swift */; };
		3CD015B3B8BCC7295BE11F2C /* MetricsEngineTests.swift in Sources */ = {isa = PBXBuildFile; fileRef = E8B04C76361FED9757D9ECF9 /* MetricsEngineTests.swift */; };
		3EE0BD266E502183015CA3E2 /* PreloadStrategyTests.swift in Sources */ = {isa = PBXBuildFile; fileRef = 659D525B44C8EE415080E4BE /* PreloadStrategyTests.swift */; };
		3F3C57325209955CC5FDFB4F /* FeedItem.swift in Sources */ = {isa = PBXBuildFile; fileRef = 7FBECBBFAAC668FECB2EED6F /* FeedItem.swift */; };
		4ED32950C51616806EC5775D /* ManifestValidationError.swift in Sources */ = {isa = PBXBuildFile; fileRef = 7CE392A89317ECA0AE6C81A4 /* ManifestValidationError.swift */; };
		52284CE76CCA0AC3B42F0AB0 /* MeasurementRun.swift in Sources */ = {isa = PBXBuildFile; fileRef = 84A08BE41B81997BF27805AD /* MeasurementRun.swift */; };
		52EB5FF0199A86445A7A6FB3 /* FakePlayer.swift in Sources */ = {isa = PBXBuildFile; fileRef = 29F712F8ED1DB2E16272CB1B /* FakePlayer.swift */; };
		573BE1590E5A829665478FBC /* .swiftlint.yml in Resources */ = {isa = PBXBuildFile; fileRef = FC3509FBA34A55D9DF3F8B70 /* .swiftlint.yml */; };
		5858B822C9C96E1205D3F0B3 /* FeedViewController.swift in Sources */ = {isa = PBXBuildFile; fileRef = 9091FF0FDC5F59EE0F6BFC11 /* FeedViewController.swift */; };
		5A7B61A4D1DC572A6946617D /* ManifestLoader.swift in Sources */ = {isa = PBXBuildFile; fileRef = 75E92AC52751D2627A561867 /* ManifestLoader.swift */; };
		5C7DD2D1844DEB29465E8BAB /* PlaybackEvent.swift in Sources */ = {isa = PBXBuildFile; fileRef = 26A72398BEA48EF1A19701B3 /* PlaybackEvent.swift */; };
		5F5A44D3B60F1A3D3625DD5D /* PlayerProviding.swift in Sources */ = {isa = PBXBuildFile; fileRef = E741CD2746F14461ADAB2AAD /* PlayerProviding.swift */; };
		5FEBD2FBF6DE77CF8D612573 /* ArmComparison.swift in Sources */ = {isa = PBXBuildFile; fileRef = E353B012C105155AA7B48EED /* ArmComparison.swift */; };
		62EADB5A9AAD95995F118CA9 /* PreloadStrategy.swift in Sources */ = {isa = PBXBuildFile; fileRef = C04A05CFAEC8C20B8892E1CF /* PreloadStrategy.swift */; };
		74B55F9B2ED5FBF564F8E3D4 /* FeedCell.swift in Sources */ = {isa = PBXBuildFile; fileRef = 39F432DCABEF16D4FF63F9CB /* FeedCell.swift */; };
		756132C87B2BF46E1A7D4915 /* FeedCoordinator.swift in Sources */ = {isa = PBXBuildFile; fileRef = 1F0792F54CA34E863CD110A8 /* FeedCoordinator.swift */; };
		7BCEC3ACD2C02DD9F388DB52 /* SessionRecorder.swift in Sources */ = {isa = PBXBuildFile; fileRef = 0FA71A53FEE0AFB3E0BD9CD8 /* SessionRecorder.swift */; };
		7C483DC035CBF0F7DEB7F97F /* DebugMenuView.swift in Sources */ = {isa = PBXBuildFile; fileRef = 2A9D947D241649763865479F /* DebugMenuView.swift */; };
		7E76F5BA4A782D5D83C2DBF7 /* SceneDelegate.swift in Sources */ = {isa = PBXBuildFile; fileRef = 839ABD2AD061422F4EE91F8D /* SceneDelegate.swift */; };
		7E7FEB7EC6B4E4017F1F321A /* PlaybackObserver.swift in Sources */ = {isa = PBXBuildFile; fileRef = 0374DBBE1E627D0C5AA8C8E8 /* PlaybackObserver.swift */; };
		7E8459ADBC92D53D0A85045E /* PlayerPoolTests.swift in Sources */ = {isa = PBXBuildFile; fileRef = 8D574E9F342F791E9401F1C2 /* PlayerPoolTests.swift */; };
		873FA2253C5772BE7B259279 /* BuildInfo.swift in Sources */ = {isa = PBXBuildFile; fileRef = 41662360310B5E8DEA736153 /* BuildInfo.swift */; };
		89AD569E980B3E0C28513FFC /* ArmComparisonTests.swift in Sources */ = {isa = PBXBuildFile; fileRef = 6A59B6C870A3A3C4F10CF54F /* ArmComparisonTests.swift */; };
		957E2E705F27DA418F4EEFAD /* FeedViewController+Gestures.swift in Sources */ = {isa = PBXBuildFile; fileRef = AACCA71D457BA3598DE1ED18 /* FeedViewController+Gestures.swift */; };
		9F1ECA4D68F69BBBA136D9E5 /* ArmRegistry.swift in Sources */ = {isa = PBXBuildFile; fileRef = 2AD8553B3BCA3BD24DE7E0FD /* ArmRegistry.swift */; };
		9F9999A87D71D91363AA176B /* PlaceholderPalette.swift in Sources */ = {isa = PBXBuildFile; fileRef = C199E322193E213C7440D2CA /* PlaceholderPalette.swift */; };
		A44D56E9EB281ACD151208A1 /* Log.swift in Sources */ = {isa = PBXBuildFile; fileRef = 15A390099E8495C9B8392753 /* Log.swift */; };
		A573B09CBAA702E22DE2ED9D /* HUDModel.swift in Sources */ = {isa = PBXBuildFile; fileRef = F68BB37BABF8F20A563CCC42 /* HUDModel.swift */; };
		A613202F38878B53B7A80754 /* PlayerPool.swift in Sources */ = {isa = PBXBuildFile; fileRef = 8FEFDD6582A6770CBEF1F992 /* PlayerPool.swift */; };
		A614F728ED75A210F60DA649 /* ToolsSettings.swift in Sources */ = {isa = PBXBuildFile; fileRef = A2ACAC0E2D3638F1547D1613 /* ToolsSettings.swift */; };
		A9264F27D5818BE4EBB67E8F /* ItemPreparer.swift in Sources */ = {isa = PBXBuildFile; fileRef = 18BD2B788C7D72C2C86F7DEA /* ItemPreparer.swift */; };
		AAC07437B3CDBF218F5B700F /* RootFactory.swift in Sources */ = {isa = PBXBuildFile; fileRef = 06753A66FAA344D6184BC805 /* RootFactory.swift */; };
		AEC676B1B7059FE7B2B37AEB /* Manifest.swift in Sources */ = {isa = PBXBuildFile; fileRef = F9982AF5941E025CBC72679F /* Manifest.swift */; };
		B30F2336226D73C8A4F5165D /* PlaybackEventPipe.swift in Sources */ = {isa = PBXBuildFile; fileRef = B03DAF750F6F11D6C2E485A1 /* PlaybackEventPipe.swift */; };
		B3E6FD8CB62E593A59156A39 /* AppDelegate.swift in Sources */ = {isa = PBXBuildFile; fileRef = 9BF76A8D14D4F28B46477238 /* AppDelegate.swift */; };
		BB1A030820CADCFE8BE689EB /* PlayerTypes.swift in Sources */ = {isa = PBXBuildFile; fileRef = 764FEACE8172E3048819CE64 /* PlayerTypes.swift */; };
		C57C24284E8B4982F0DA56B3 /* SessionStoreTests.swift in Sources */ = {isa = PBXBuildFile; fileRef = 6B7E605089332595DF63C7E0 /* SessionStoreTests.swift */; };
		D3CFEBCA053E8663D49A27E1 /* MetricsEngine.swift in Sources */ = {isa = PBXBuildFile; fileRef = 23A9348BC9301667800E259A /* MetricsEngine.swift */; };
		D667FDB3619DCE627201F39D /* AudioSessionConfigurator.swift in Sources */ = {isa = PBXBuildFile; fileRef = 79936D5CE8277537950D8469 /* AudioSessionConfigurator.swift */; };
		DBE409941F30FCC5EB765CAA /* FeedViewController+DebugMenu.swift in Sources */ = {isa = PBXBuildFile; fileRef = 01818ABA706AC98CD8E75A8E /* FeedViewController+DebugMenu.swift */; };
		E2BBE2107844E403560FF824 /* HUDView.swift in Sources */ = {isa = PBXBuildFile; fileRef = 27237E7FD7C2B491B07878AA /* HUDView.swift */; };
		E57B0F91C40AA061C2B96B6C /* PreparationPlanner.swift in Sources */ = {isa = PBXBuildFile; fileRef = 8B82B6C3F0224DDD96533C5B /* PreparationPlanner.swift */; };
		E6D5F4C68C96AD3B22680D91 /* DashboardCharts.swift in Sources */ = {isa = PBXBuildFile; fileRef = CA7348873E56F9EDFA7318D8 /* DashboardCharts.swift */; };
		F0A3FE498CA1F27BDB350E03 /* PlaybackRecord.swift in Sources */ = {isa = PBXBuildFile; fileRef = 689E21EBB2DD133F6A32EB0E /* PlaybackRecord.swift */; };
		F2F2948793FCDD1DCFA12DA4 /* PreparationPlannerTests.swift in Sources */ = {isa = PBXBuildFile; fileRef = 1071A5A442E5D5901FE5D5D5 /* PreparationPlannerTests.swift */; };
		F732CBF5D7A85F4147083BEB /* hls-only.json in Resources */ = {isa = PBXBuildFile; fileRef = FCB3543EF86F1FD56ED9A733 /* hls-only.json */; };
		FC56DA33E7251169A7A30457 /* AggregationTests.swift in Sources */ = {isa = PBXBuildFile; fileRef = 55DE29D36AA10B574C2403AA /* AggregationTests.swift */; };
		FCDC2391BCC1F016C97D61DF /* DashboardView.swift in Sources */ = {isa = PBXBuildFile; fileRef = BB25647E7E5BBAFDAEDF2E71 /* DashboardView.swift */; };
/* End PBXBuildFile section */

/* Begin PBXContainerItemProxy section */
		1AC680DA6FC0C6CB5873CB9F /* PBXContainerItemProxy */ = {
			isa = PBXContainerItemProxy;
			containerPortal = 596485BD505729ED02516169 /* Project object */;
			proxyType = 1;
			remoteGlobalIDString = 8CE43245A76A2C02D669B893;
			remoteInfo = FeedLab;
		};
		2F7EFE570897150056360EB6 /* PBXContainerItemProxy */ = {
			isa = PBXContainerItemProxy;
			containerPortal = 596485BD505729ED02516169 /* Project object */;
			proxyType = 1;
			remoteGlobalIDString = 8CE43245A76A2C02D669B893;
			remoteInfo = FeedLab;
		};
/* End PBXContainerItemProxy section */

/* Begin PBXFileReference section */
		01818ABA706AC98CD8E75A8E /* FeedViewController+DebugMenu.swift */ = {isa = PBXFileReference; lastKnownFileType = sourcecode.swift; path = "FeedViewController+DebugMenu.swift"; sourceTree = "<group>"; };
		031E241B9110B92BD1718054 /* ManifestLoaderTests.swift */ = {isa = PBXFileReference; lastKnownFileType = sourcecode.swift; path = ManifestLoaderTests.swift; sourceTree = "<group>"; };
		0374DBBE1E627D0C5AA8C8E8 /* PlaybackObserver.swift */ = {isa = PBXFileReference; lastKnownFileType = sourcecode.swift; path = PlaybackObserver.swift; sourceTree = "<group>"; };
		06753A66FAA344D6184BC805 /* RootFactory.swift */ = {isa = PBXFileReference; lastKnownFileType = sourcecode.swift; path = RootFactory.swift; sourceTree = "<group>"; };
		0FA71A53FEE0AFB3E0BD9CD8 /* SessionRecorder.swift */ = {isa = PBXFileReference; lastKnownFileType = sourcecode.swift; path = SessionRecorder.swift; sourceTree = "<group>"; };
		1071A5A442E5D5901FE5D5D5 /* PreparationPlannerTests.swift */ = {isa = PBXFileReference; lastKnownFileType = sourcecode.swift; path = PreparationPlannerTests.swift; sourceTree = "<group>"; };
		15A390099E8495C9B8392753 /* Log.swift */ = {isa = PBXFileReference; lastKnownFileType = sourcecode.swift; path = Log.swift; sourceTree = "<group>"; };
		18BD2B788C7D72C2C86F7DEA /* ItemPreparer.swift */ = {isa = PBXFileReference; lastKnownFileType = sourcecode.swift; path = ItemPreparer.swift; sourceTree = "<group>"; };
		1B05B9B6AA706E5406281DD9 /* MemoryPeakTrackerTests.swift */ = {isa = PBXFileReference; lastKnownFileType = sourcecode.swift; path = MemoryPeakTrackerTests.swift; sourceTree = "<group>"; };
		1F0792F54CA34E863CD110A8 /* FeedCoordinator.swift */ = {isa = PBXFileReference; lastKnownFileType = sourcecode.swift; path = FeedCoordinator.swift; sourceTree = "<group>"; };
		23A9348BC9301667800E259A /* MetricsEngine.swift */ = {isa = PBXFileReference; lastKnownFileType = sourcecode.swift; path = MetricsEngine.swift; sourceTree = "<group>"; };
		25894674E81297F1F81C4BE8 /* PlayerRenderTarget.swift */ = {isa = PBXFileReference; lastKnownFileType = sourcecode.swift; path = PlayerRenderTarget.swift; sourceTree = "<group>"; };
		26A72398BEA48EF1A19701B3 /* PlaybackEvent.swift */ = {isa = PBXFileReference; lastKnownFileType = sourcecode.swift; path = PlaybackEvent.swift; sourceTree = "<group>"; };
		27237E7FD7C2B491B07878AA /* HUDView.swift */ = {isa = PBXFileReference; lastKnownFileType = sourcecode.swift; path = HUDView.swift; sourceTree = "<group>"; };
		29F712F8ED1DB2E16272CB1B /* FakePlayer.swift */ = {isa = PBXFileReference; lastKnownFileType = sourcecode.swift; path = FakePlayer.swift; sourceTree = "<group>"; };
		2A9D947D241649763865479F /* DebugMenuView.swift */ = {isa = PBXFileReference; lastKnownFileType = sourcecode.swift; path = DebugMenuView.swift; sourceTree = "<group>"; };
		2AD8553B3BCA3BD24DE7E0FD /* ArmRegistry.swift */ = {isa = PBXFileReference; lastKnownFileType = sourcecode.swift; path = ArmRegistry.swift; sourceTree = "<group>"; };
		39F432DCABEF16D4FF63F9CB /* FeedCell.swift */ = {isa = PBXFileReference; lastKnownFileType = sourcecode.swift; path = FeedCell.swift; sourceTree = "<group>"; };
		3BB8F52B336E524421F90971 /* short-form.json */ = {isa = PBXFileReference; lastKnownFileType = text.json; path = "short-form.json"; sourceTree = "<group>"; };
		3D9AE5EC777578D8FE109B5F /* MetricsPurityTests.swift */ = {isa = PBXFileReference; lastKnownFileType = sourcecode.swift; path = MetricsPurityTests.swift; sourceTree = "<group>"; };
		3D9E6A949DD63B43D2E60115 /* FeedLab.app */ = {isa = PBXFileReference; includeInIndex = 0; lastKnownFileType = wrapper.application; path = FeedLab.app; sourceTree = BUILT_PRODUCTS_DIR; };
		41662360310B5E8DEA736153 /* BuildInfo.swift */ = {isa = PBXFileReference; lastKnownFileType = sourcecode.swift; path = BuildInfo.swift; sourceTree = "<group>"; };
		43F801017EEAC7C6351703EF /* HUDController.swift */ = {isa = PBXFileReference; lastKnownFileType = sourcecode.swift; path = HUDController.swift; sourceTree = "<group>"; };
		55DE29D36AA10B574C2403AA /* AggregationTests.swift */ = {isa = PBXFileReference; lastKnownFileType = sourcecode.swift; path = AggregationTests.swift; sourceTree = "<group>"; };
		659D525B44C8EE415080E4BE /* PreloadStrategyTests.swift */ = {isa = PBXFileReference; lastKnownFileType = sourcecode.swift; path = PreloadStrategyTests.swift; sourceTree = "<group>"; };
		689E21EBB2DD133F6A32EB0E /* PlaybackRecord.swift */ = {isa = PBXFileReference; lastKnownFileType = sourcecode.swift; path = PlaybackRecord.swift; sourceTree = "<group>"; };
		6A59B6C870A3A3C4F10CF54F /* ArmComparisonTests.swift */ = {isa = PBXFileReference; lastKnownFileType = sourcecode.swift; path = ArmComparisonTests.swift; sourceTree = "<group>"; };
		6B7E605089332595DF63C7E0 /* SessionStoreTests.swift */ = {isa = PBXFileReference; lastKnownFileType = sourcecode.swift; path = SessionStoreTests.swift; sourceTree = "<group>"; };
		75E92AC52751D2627A561867 /* ManifestLoader.swift */ = {isa = PBXFileReference; lastKnownFileType = sourcecode.swift; path = ManifestLoader.swift; sourceTree = "<group>"; };
		764FEACE8172E3048819CE64 /* PlayerTypes.swift */ = {isa = PBXFileReference; lastKnownFileType = sourcecode.swift; path = PlayerTypes.swift; sourceTree = "<group>"; };
		79936D5CE8277537950D8469 /* AudioSessionConfigurator.swift */ = {isa = PBXFileReference; lastKnownFileType = sourcecode.swift; path = AudioSessionConfigurator.swift; sourceTree = "<group>"; };
		7CE392A89317ECA0AE6C81A4 /* ManifestValidationError.swift */ = {isa = PBXFileReference; lastKnownFileType = sourcecode.swift; path = ManifestValidationError.swift; sourceTree = "<group>"; };
		7FBECBBFAAC668FECB2EED6F /* FeedItem.swift */ = {isa = PBXFileReference; lastKnownFileType = sourcecode.swift; path = FeedItem.swift; sourceTree = "<group>"; };
		839ABD2AD061422F4EE91F8D /* SceneDelegate.swift */ = {isa = PBXFileReference; lastKnownFileType = sourcecode.swift; path = SceneDelegate.swift; sourceTree = "<group>"; };
		84A08BE41B81997BF27805AD /* MeasurementRun.swift */ = {isa = PBXFileReference; lastKnownFileType = sourcecode.swift; path = MeasurementRun.swift; sourceTree = "<group>"; };
		8B82B6C3F0224DDD96533C5B /* PreparationPlanner.swift */ = {isa = PBXFileReference; lastKnownFileType = sourcecode.swift; path = PreparationPlanner.swift; sourceTree = "<group>"; };
		8D574E9F342F791E9401F1C2 /* PlayerPoolTests.swift */ = {isa = PBXFileReference; lastKnownFileType = sourcecode.swift; path = PlayerPoolTests.swift; sourceTree = "<group>"; };
		8FEFDD6582A6770CBEF1F992 /* PlayerPool.swift */ = {isa = PBXFileReference; lastKnownFileType = sourcecode.swift; path = PlayerPool.swift; sourceTree = "<group>"; };
		9091FF0FDC5F59EE0F6BFC11 /* FeedViewController.swift */ = {isa = PBXFileReference; lastKnownFileType = sourcecode.swift; path = FeedViewController.swift; sourceTree = "<group>"; };
		9BF76A8D14D4F28B46477238 /* AppDelegate.swift */ = {isa = PBXFileReference; lastKnownFileType = sourcecode.swift; path = AppDelegate.swift; sourceTree = "<group>"; };
		9ED2B28D7EB737F4598E76DF /* FeedLabTests.xctest */ = {isa = PBXFileReference; includeInIndex = 0; lastKnownFileType = wrapper.cfbundle; path = FeedLabTests.xctest; sourceTree = BUILT_PRODUCTS_DIR; };
		A2ACAC0E2D3638F1547D1613 /* ToolsSettings.swift */ = {isa = PBXFileReference; lastKnownFileType = sourcecode.swift; path = ToolsSettings.swift; sourceTree = "<group>"; };
		A2C03B169022CBF0A21E1420 /* SessionStore.swift */ = {isa = PBXFileReference; lastKnownFileType = sourcecode.swift; path = SessionStore.swift; sourceTree = "<group>"; };
		A327E69BFC82A76B0F645ACD /* AVFoundationAdapters.swift */ = {isa = PBXFileReference; lastKnownFileType = sourcecode.swift; path = AVFoundationAdapters.swift; sourceTree = "<group>"; };
		AACCA71D457BA3598DE1ED18 /* FeedViewController+Gestures.swift */ = {isa = PBXFileReference; lastKnownFileType = sourcecode.swift; path = "FeedViewController+Gestures.swift"; sourceTree = "<group>"; };
		B03DAF750F6F11D6C2E485A1 /* PlaybackEventPipe.swift */ = {isa = PBXFileReference; lastKnownFileType = sourcecode.swift; path = PlaybackEventPipe.swift; sourceTree = "<group>"; };
		B142B0B34D1A5E0AC5E33C04 /* FeedCoordinator+Preparation.swift */ = {isa = PBXFileReference; lastKnownFileType = sourcecode.swift; path = "FeedCoordinator+Preparation.swift"; sourceTree = "<group>"; };
		B54BFF866EB77A3FF110D9D0 /* SessionSummary.swift */ = {isa = PBXFileReference; lastKnownFileType = sourcecode.swift; path = SessionSummary.swift; sourceTree = "<group>"; };
		BB25647E7E5BBAFDAEDF2E71 /* DashboardView.swift */ = {isa = PBXFileReference; lastKnownFileType = sourcecode.swift; path = DashboardView.swift; sourceTree = "<group>"; };
		C04A05CFAEC8C20B8892E1CF /* PreloadStrategy.swift */ = {isa = PBXFileReference; lastKnownFileType = sourcecode.swift; path = PreloadStrategy.swift; sourceTree = "<group>"; };
		C199E322193E213C7440D2CA /* PlaceholderPalette.swift */ = {isa = PBXFileReference; lastKnownFileType = sourcecode.swift; path = PlaceholderPalette.swift; sourceTree = "<group>"; };
		C4AA2D9843C95331C272C3E0 /* DashboardModel.swift */ = {isa = PBXFileReference; lastKnownFileType = sourcecode.swift; path = DashboardModel.swift; sourceTree = "<group>"; };
		CA7348873E56F9EDFA7318D8 /* DashboardCharts.swift */ = {isa = PBXFileReference; lastKnownFileType = sourcecode.swift; path = DashboardCharts.swift; sourceTree = "<group>"; };
		CD66FC97E815EE3DA015F3D2 /* SessionExporter.swift */ = {isa = PBXFileReference; lastKnownFileType = sourcecode.swift; path = SessionExporter.swift; sourceTree = "<group>"; };
		D628DE5C72326B41E9E943E4 /* TimestampSource.swift */ = {isa = PBXFileReference; lastKnownFileType = sourcecode.swift; path = TimestampSource.swift; sourceTree = "<group>"; };
		D9FB0700BC12A434BE912B9F /* PlaybackSignposter.swift */ = {isa = PBXFileReference; lastKnownFileType = sourcecode.swift; path = PlaybackSignposter.swift; sourceTree = "<group>"; };
		E353B012C105155AA7B48EED /* ArmComparison.swift */ = {isa = PBXFileReference; lastKnownFileType = sourcecode.swift; path = ArmComparison.swift; sourceTree = "<group>"; };
		E741CD2746F14461ADAB2AAD /* PlayerProviding.swift */ = {isa = PBXFileReference; lastKnownFileType = sourcecode.swift; path = PlayerProviding.swift; sourceTree = "<group>"; };
		E801BFE451C1C4AC30A4F5CD /* Info.plist */ = {isa = PBXFileReference; lastKnownFileType = text.plist; path = Info.plist; sourceTree = "<group>"; };
		E8B04C76361FED9757D9ECF9 /* MetricsEngineTests.swift */ = {isa = PBXFileReference; lastKnownFileType = sourcecode.swift; path = MetricsEngineTests.swift; sourceTree = "<group>"; };
		F68BB37BABF8F20A563CCC42 /* HUDModel.swift */ = {isa = PBXFileReference; lastKnownFileType = sourcecode.swift; path = HUDModel.swift; sourceTree = "<group>"; };
		F9982AF5941E025CBC72679F /* Manifest.swift */ = {isa = PBXFileReference; lastKnownFileType = sourcecode.swift; path = Manifest.swift; sourceTree = "<group>"; };
		FBA88634B5DFF5552595FB2D /* MemorySampler.swift */ = {isa = PBXFileReference; lastKnownFileType = sourcecode.swift; path = MemorySampler.swift; sourceTree = "<group>"; };
		FC2B8393D6A5799A2E126A3D /* ContentSource.swift */ = {isa = PBXFileReference; lastKnownFileType = sourcecode.swift; path = ContentSource.swift; sourceTree = "<group>"; };
		FC3509FBA34A55D9DF3F8B70 /* .swiftlint.yml */ = {isa = PBXFileReference; lastKnownFileType = text.yaml; path = .swiftlint.yml; sourceTree = "<group>"; };
		FC4C30D633F5AC193A5FB6A5 /* FeedLabRunner.xctest */ = {isa = PBXFileReference; includeInIndex = 0; lastKnownFileType = wrapper.cfbundle; path = FeedLabRunner.xctest; sourceTree = BUILT_PRODUCTS_DIR; };
		FCB3543EF86F1FD56ED9A733 /* hls-only.json */ = {isa = PBXFileReference; lastKnownFileType = text.json; path = "hls-only.json"; sourceTree = "<group>"; };
		"TEMP_EFB4C776-95AD-4161-8E64-71A2FF365DF5" /* Signing.xcconfig */ = {isa = PBXFileReference; lastKnownFileType = text.xcconfig; path = Signing.xcconfig; sourceTree = "<group>"; };
/* End PBXFileReference section */

/* Begin PBXGroup section */
		0387731601F0BFC53420840F /* Dashboard */ = {
			isa = PBXGroup;
			children = (
				CA7348873E56F9EDFA7318D8 /* DashboardCharts.swift */,
				C4AA2D9843C95331C272C3E0 /* DashboardModel.swift */,
				BB25647E7E5BBAFDAEDF2E71 /* DashboardView.swift */,
				CD66FC97E815EE3DA015F3D2 /* SessionExporter.swift */,
			);
			path = Dashboard;
			sourceTree = "<group>";
		};
		072B8EE17586B334864167A2 /* FeedLabRunner */ = {
			isa = PBXGroup;
			children = (
				84A08BE41B81997BF27805AD /* MeasurementRun.swift */,
			);
			path = FeedLabRunner;
			sourceTree = "<group>";
		};
		0FB6D336E20A0A4C6A1D51A5 /* App */ = {
			isa = PBXGroup;
			children = (
				9BF76A8D14D4F28B46477238 /* AppDelegate.swift */,
				E801BFE451C1C4AC30A4F5CD /* Info.plist */,
				06753A66FAA344D6184BC805 /* RootFactory.swift */,
				839ABD2AD061422F4EE91F8D /* SceneDelegate.swift */,
			);
			path = App;
			sourceTree = "<group>";
		};
		11CB2DA0D8D34234C6E2B8B6 /* Content */ = {
			isa = PBXGroup;
			children = (
				68BC9C49ED2A74A2C38F0F02 /* manifests */,
				FC2B8393D6A5799A2E126A3D /* ContentSource.swift */,
				7FBECBBFAAC668FECB2EED6F /* FeedItem.swift */,
				F9982AF5941E025CBC72679F /* Manifest.swift */,
				75E92AC52751D2627A561867 /* ManifestLoader.swift */,
				7CE392A89317ECA0AE6C81A4 /* ManifestValidationError.swift */,
			);
			path = Content;
			sourceTree = "<group>";
		};
		1301F7056F8901C6CD2E3E6E /* Products */ = {
			isa = PBXGroup;
			children = (
				3D9E6A949DD63B43D2E60115 /* FeedLab.app */,
				FC4C30D633F5AC193A5FB6A5 /* FeedLabRunner.xctest */,
				9ED2B28D7EB737F4598E76DF /* FeedLabTests.xctest */,
			);
			name = Products;
			sourceTree = "<group>";
		};
		19C5B49A4A34B0FD6D1B9347 /* Instrumentation */ = {
			isa = PBXGroup;
			children = (
				15A390099E8495C9B8392753 /* Log.swift */,
				FBA88634B5DFF5552595FB2D /* MemorySampler.swift */,
				B03DAF750F6F11D6C2E485A1 /* PlaybackEventPipe.swift */,
				0374DBBE1E627D0C5AA8C8E8 /* PlaybackObserver.swift */,
				D9FB0700BC12A434BE912B9F /* PlaybackSignposter.swift */,
				D628DE5C72326B41E9E943E4 /* TimestampSource.swift */,
			);
			path = Instrumentation;
			sourceTree = "<group>";
		};
		1D133F2D6A6870EBAC3DFEA2 /* Experiments */ = {
			isa = PBXGroup;
			children = (
				6A59B6C870A3A3C4F10CF54F /* ArmComparisonTests.swift */,
				6B7E605089332595DF63C7E0 /* SessionStoreTests.swift */,
			);
			path = Experiments;
			sourceTree = "<group>";
		};
		1F51F987A8FFADD51A931D5D /* Metrics */ = {
			isa = PBXGroup;
			children = (
				23A9348BC9301667800E259A /* MetricsEngine.swift */,
				26A72398BEA48EF1A19701B3 /* PlaybackEvent.swift */,
				689E21EBB2DD133F6A32EB0E /* PlaybackRecord.swift */,
				B54BFF866EB77A3FF110D9D0 /* SessionSummary.swift */,
			);
			path = Metrics;
			sourceTree = "<group>";
		};
		2486F79893190C98E44B546E /* Playback */ = {
			isa = PBXGroup;
			children = (
				79936D5CE8277537950D8469 /* AudioSessionConfigurator.swift */,
				A327E69BFC82A76B0F645ACD /* AVFoundationAdapters.swift */,
				18BD2B788C7D72C2C86F7DEA /* ItemPreparer.swift */,
				8FEFDD6582A6770CBEF1F992 /* PlayerPool.swift */,
				E741CD2746F14461ADAB2AAD /* PlayerProviding.swift */,
				25894674E81297F1F81C4BE8 /* PlayerRenderTarget.swift */,
				764FEACE8172E3048819CE64 /* PlayerTypes.swift */,
				C04A05CFAEC8C20B8892E1CF /* PreloadStrategy.swift */,
				8B82B6C3F0224DDD96533C5B /* PreparationPlanner.swift */,
			);
			path = Playback;
			sourceTree = "<group>";
		};
		250743080934B53D38360B53 /* Metrics */ = {
			isa = PBXGroup;
			children = (
				55DE29D36AA10B574C2403AA /* AggregationTests.swift */,
				E8B04C76361FED9757D9ECF9 /* MetricsEngineTests.swift */,
				3D9AE5EC777578D8FE109B5F /* MetricsPurityTests.swift */,
			);
			path = Metrics;
			sourceTree = "<group>";
		};
		41FEE92FA2C3B59D8FDF8458 /* Instrumentation */ = {
			isa = PBXGroup;
			children = (
				1B05B9B6AA706E5406281DD9 /* MemoryPeakTrackerTests.swift */,
			);
			path = Instrumentation;
			sourceTree = "<group>";
		};
		55B6381A5DB8C9AD06F523E8 /* FeedLab */ = {
			isa = PBXGroup;
			children = (
				0FB6D336E20A0A4C6A1D51A5 /* App */,
				11CB2DA0D8D34234C6E2B8B6 /* Content */,
				0387731601F0BFC53420840F /* Dashboard */,
				B6C98ED5AE26BC3F7351A437 /* Debug */,
				A92B6C94978FD803FB32F825 /* Experiments */,
				7FE0C757E9F77D363F3445DE /* Feed */,
				19C5B49A4A34B0FD6D1B9347 /* Instrumentation */,
				1F51F987A8FFADD51A931D5D /* Metrics */,
				2486F79893190C98E44B546E /* Playback */,
			);
			path = FeedLab;
			sourceTree = "<group>";
		};
		68BC9C49ED2A74A2C38F0F02 /* manifests */ = {
			isa = PBXGroup;
			children = (
				FCB3543EF86F1FD56ED9A733 /* hls-only.json */,
				3BB8F52B336E524421F90971 /* short-form.json */,
			);
			path = manifests;
			sourceTree = "<group>";
		};
		7FE0C757E9F77D363F3445DE /* Feed */ = {
			isa = PBXGroup;
			children = (
				39F432DCABEF16D4FF63F9CB /* FeedCell.swift */,
				1F0792F54CA34E863CD110A8 /* FeedCoordinator.swift */,
				B142B0B34D1A5E0AC5E33C04 /* FeedCoordinator+Preparation.swift */,
				9091FF0FDC5F59EE0F6BFC11 /* FeedViewController.swift */,
				AACCA71D457BA3598DE1ED18 /* FeedViewController+Gestures.swift */,
				C199E322193E213C7440D2CA /* PlaceholderPalette.swift */,
			);
			path = Feed;
			sourceTree = "<group>";
		};
		970A37A66F027CB914656463 = {
			isa = PBXGroup;
			children = (
				55B6381A5DB8C9AD06F523E8 /* FeedLab */,
				072B8EE17586B334864167A2 /* FeedLabRunner */,
				B6FD1A23820BB217C5B4AED5 /* FeedLabTests */,
				1301F7056F8901C6CD2E3E6E /* Products */,
			);
			sourceTree = "<group>";
		};
		9718BA4A6F166F60368A2516 /* Playback */ = {
			isa = PBXGroup;
			children = (
				8D574E9F342F791E9401F1C2 /* PlayerPoolTests.swift */,
				659D525B44C8EE415080E4BE /* PreloadStrategyTests.swift */,
				1071A5A442E5D5901FE5D5D5 /* PreparationPlannerTests.swift */,
			);
			path = Playback;
			sourceTree = "<group>";
		};
		A92B6C94978FD803FB32F825 /* Experiments */ = {
			isa = PBXGroup;
			children = (
				E353B012C105155AA7B48EED /* ArmComparison.swift */,
				2AD8553B3BCA3BD24DE7E0FD /* ArmRegistry.swift */,
				0FA71A53FEE0AFB3E0BD9CD8 /* SessionRecorder.swift */,
				A2C03B169022CBF0A21E1420 /* SessionStore.swift */,
			);
			path = Experiments;
			sourceTree = "<group>";
		};
		B6C98ED5AE26BC3F7351A437 /* Debug */ = {
			isa = PBXGroup;
			children = (
				41662360310B5E8DEA736153 /* BuildInfo.swift */,
				2A9D947D241649763865479F /* DebugMenuView.swift */,
				01818ABA706AC98CD8E75A8E /* FeedViewController+DebugMenu.swift */,
				43F801017EEAC7C6351703EF /* HUDController.swift */,
				F68BB37BABF8F20A563CCC42 /* HUDModel.swift */,
				27237E7FD7C2B491B07878AA /* HUDView.swift */,
				A2ACAC0E2D3638F1547D1613 /* ToolsSettings.swift */,
			);
			path = Debug;
			sourceTree = "<group>";
		};
		B6FD1A23820BB217C5B4AED5 /* FeedLabTests */ = {
			isa = PBXGroup;
			children = (
				BFF11451AB8BC0EBD7DCDFE8 /* Content */,
				1D133F2D6A6870EBAC3DFEA2 /* Experiments */,
				FF54D7B98F416CD1354AF9E2 /* Fakes */,
				41FEE92FA2C3B59D8FDF8458 /* Instrumentation */,
				250743080934B53D38360B53 /* Metrics */,
				9718BA4A6F166F60368A2516 /* Playback */,
				FC3509FBA34A55D9DF3F8B70 /* .swiftlint.yml */,
			);
			path = FeedLabTests;
			sourceTree = "<group>";
		};
		BFF11451AB8BC0EBD7DCDFE8 /* Content */ = {
			isa = PBXGroup;
			children = (
				031E241B9110B92BD1718054 /* ManifestLoaderTests.swift */,
			);
			path = Content;
			sourceTree = "<group>";
		};
		FF54D7B98F416CD1354AF9E2 /* Fakes */ = {
			isa = PBXGroup;
			children = (
				29F712F8ED1DB2E16272CB1B /* FakePlayer.swift */,
			);
			path = Fakes;
			sourceTree = "<group>";
		};
		"TEMP_085A3F6E-602A-4229-98EC-21CA763AE684" /* feedlab */ = {
			isa = PBXGroup;
			children = (
				"TEMP_EFB4C776-95AD-4161-8E64-71A2FF365DF5" /* Signing.xcconfig */,
			);
			path = feedlab;
			sourceTree = "<group>";
		};
/* End PBXGroup section */

/* Begin PBXNativeTarget section */
		2AF900D9BB5EBA6190AD7874 /* FeedLabRunner */ = {
			isa = PBXNativeTarget;
			buildConfigurationList = 8B99089BC0683476A74971F7 /* Build configuration list for PBXNativeTarget "FeedLabRunner" */;
			buildPhases = (
				DB27A7B906AD50CE5B9A3EA7 /* Sources */,
			);
			buildRules = (
			);
			dependencies = (
				CCD945742118A5EA4EFE34C6 /* PBXTargetDependency */,
			);
			name = FeedLabRunner;
			packageProductDependencies = (
			);
			productName = FeedLabRunner;
			productReference = FC4C30D633F5AC193A5FB6A5 /* FeedLabRunner.xctest */;
			productType = "com.apple.product-type.bundle.ui-testing";
		};
		60C6566EDBB129BA8805D397 /* FeedLabTests */ = {
			isa = PBXNativeTarget;
			buildConfigurationList = F058D56C076A411D0F8C5698 /* Build configuration list for PBXNativeTarget "FeedLabTests" */;
			buildPhases = (
				E3CAEC24F9BDA73623B1F175 /* Sources */,
				6003171AA5080EB2E283BFA7 /* Resources */,
			);
			buildRules = (
			);
			dependencies = (
				1E2CEC3296339F02814DEA00 /* PBXTargetDependency */,
			);
			name = FeedLabTests;
			packageProductDependencies = (
			);
			productName = FeedLabTests;
			productReference = 9ED2B28D7EB737F4598E76DF /* FeedLabTests.xctest */;
			productType = "com.apple.product-type.bundle.unit-test";
		};
		8CE43245A76A2C02D669B893 /* FeedLab */ = {
			isa = PBXNativeTarget;
			buildConfigurationList = 8B477053E4BB2836807B59CD /* Build configuration list for PBXNativeTarget "FeedLab" */;
			buildPhases = (
				2A14A1775753A24AD9A89081 /* Sources */,
				F61267ED3153E8A0381D9403 /* Resources */,
			);
			buildRules = (
			);
			dependencies = (
			);
			name = FeedLab;
			packageProductDependencies = (
			);
			productName = FeedLab;
			productReference = 3D9E6A949DD63B43D2E60115 /* FeedLab.app */;
			productType = "com.apple.product-type.application";
		};
/* End PBXNativeTarget section */

/* Begin PBXProject section */
		596485BD505729ED02516169 /* Project object */ = {
			isa = PBXProject;
			attributes = {
				BuildIndependentTargetsInParallel = YES;
				LastUpgradeCheck = 1430;
				TargetAttributes = {
					2AF900D9BB5EBA6190AD7874 = {
						ProvisioningStyle = Automatic;
						TestTargetID = 8CE43245A76A2C02D669B893;
					};
					60C6566EDBB129BA8805D397 = {
						ProvisioningStyle = Automatic;
					};
					8CE43245A76A2C02D669B893 = {
						ProvisioningStyle = Automatic;
					};
				};
			};
			buildConfigurationList = D7ACEE2AA7DFBF219BD2E34C /* Build configuration list for PBXProject "FeedLab" */;
			compatibilityVersion = "Xcode 14.0";
			developmentRegion = en;
			hasScannedForEncodings = 0;
			knownRegions = (
				Base,
				en,
			);
			mainGroup = 970A37A66F027CB914656463;
			minimizedProjectReferenceProxies = 1;
			preferredProjectObjectVersion = 77;
			projectDirPath = "";
			projectRoot = "";
			targets = (
				8CE43245A76A2C02D669B893 /* FeedLab */,
				2AF900D9BB5EBA6190AD7874 /* FeedLabRunner */,
				60C6566EDBB129BA8805D397 /* FeedLabTests */,
			);
		};
/* End PBXProject section */

/* Begin PBXResourcesBuildPhase section */
		6003171AA5080EB2E283BFA7 /* Resources */ = {
			isa = PBXResourcesBuildPhase;
			buildActionMask = 2147483647;
			files = (
				573BE1590E5A829665478FBC /* .swiftlint.yml in Resources */,
			);
			runOnlyForDeploymentPostprocessing = 0;
		};
		F61267ED3153E8A0381D9403 /* Resources */ = {
			isa = PBXResourcesBuildPhase;
			buildActionMask = 2147483647;
			files = (
				F732CBF5D7A85F4147083BEB /* hls-only.json in Resources */,
				0E69E1817F7F138638F85D12 /* short-form.json in Resources */,
			);
			runOnlyForDeploymentPostprocessing = 0;
		};
/* End PBXResourcesBuildPhase section */

/* Begin PBXSourcesBuildPhase section */
		2A14A1775753A24AD9A89081 /* Sources */ = {
			isa = PBXSourcesBuildPhase;
			buildActionMask = 2147483647;
			files = (
				0E3BD5EBF93C910053D7BF38 /* AVFoundationAdapters.swift in Sources */,
				B3E6FD8CB62E593A59156A39 /* AppDelegate.swift in Sources */,
				5FEBD2FBF6DE77CF8D612573 /* ArmComparison.swift in Sources */,
				9F1ECA4D68F69BBBA136D9E5 /* ArmRegistry.swift in Sources */,
				D667FDB3619DCE627201F39D /* AudioSessionConfigurator.swift in Sources */,
				873FA2253C5772BE7B259279 /* BuildInfo.swift in Sources */,
				260773A02575D57D00B99D60 /* ContentSource.swift in Sources */,
				E6D5F4C68C96AD3B22680D91 /* DashboardCharts.swift in Sources */,
				136135E56A998CC954091785 /* DashboardModel.swift in Sources */,
				FCDC2391BCC1F016C97D61DF /* DashboardView.swift in Sources */,
				7C483DC035CBF0F7DEB7F97F /* DebugMenuView.swift in Sources */,
				74B55F9B2ED5FBF564F8E3D4 /* FeedCell.swift in Sources */,
				018F899DDB0B418C4F9F6CBC /* FeedCoordinator+Preparation.swift in Sources */,
				756132C87B2BF46E1A7D4915 /* FeedCoordinator.swift in Sources */,
				3F3C57325209955CC5FDFB4F /* FeedItem.swift in Sources */,
				DBE409941F30FCC5EB765CAA /* FeedViewController+DebugMenu.swift in Sources */,
				957E2E705F27DA418F4EEFAD /* FeedViewController+Gestures.swift in Sources */,
				5858B822C9C96E1205D3F0B3 /* FeedViewController.swift in Sources */,
				0C859E363D84E4109C782917 /* HUDController.swift in Sources */,
				A573B09CBAA702E22DE2ED9D /* HUDModel.swift in Sources */,
				E2BBE2107844E403560FF824 /* HUDView.swift in Sources */,
				A9264F27D5818BE4EBB67E8F /* ItemPreparer.swift in Sources */,
				A44D56E9EB281ACD151208A1 /* Log.swift in Sources */,
				AEC676B1B7059FE7B2B37AEB /* Manifest.swift in Sources */,
				5A7B61A4D1DC572A6946617D /* ManifestLoader.swift in Sources */,
				4ED32950C51616806EC5775D /* ManifestValidationError.swift in Sources */,
				065F4D87A03A6D31C37FAEB5 /* MemorySampler.swift in Sources */,
				D3CFEBCA053E8663D49A27E1 /* MetricsEngine.swift in Sources */,
				9F9999A87D71D91363AA176B /* PlaceholderPalette.swift in Sources */,
				5C7DD2D1844DEB29465E8BAB /* PlaybackEvent.swift in Sources */,
				B30F2336226D73C8A4F5165D /* PlaybackEventPipe.swift in Sources */,
				7E7FEB7EC6B4E4017F1F321A /* PlaybackObserver.swift in Sources */,
				F0A3FE498CA1F27BDB350E03 /* PlaybackRecord.swift in Sources */,
				23186B17940A3C6CCC879304 /* PlaybackSignposter.swift in Sources */,
				A613202F38878B53B7A80754 /* PlayerPool.swift in Sources */,
				5F5A44D3B60F1A3D3625DD5D /* PlayerProviding.swift in Sources */,
				0214C86C799E3ED73FAEAD64 /* PlayerRenderTarget.swift in Sources */,
				BB1A030820CADCFE8BE689EB /* PlayerTypes.swift in Sources */,
				62EADB5A9AAD95995F118CA9 /* PreloadStrategy.swift in Sources */,
				E57B0F91C40AA061C2B96B6C /* PreparationPlanner.swift in Sources */,
				AAC07437B3CDBF218F5B700F /* RootFactory.swift in Sources */,
				7E76F5BA4A782D5D83C2DBF7 /* SceneDelegate.swift in Sources */,
				03B855B8DA00C6B13895A17D /* SessionExporter.swift in Sources */,
				7BCEC3ACD2C02DD9F388DB52 /* SessionRecorder.swift in Sources */,
				173E35C4687160E0D0C3ECEC /* SessionStore.swift in Sources */,
				1E7F69EAB0155F75737581CF /* SessionSummary.swift in Sources */,
				1A5C44DCD25693BC9F4120AA /* TimestampSource.swift in Sources */,
				A614F728ED75A210F60DA649 /* ToolsSettings.swift in Sources */,
			);
			runOnlyForDeploymentPostprocessing = 0;
		};
		DB27A7B906AD50CE5B9A3EA7 /* Sources */ = {
			isa = PBXSourcesBuildPhase;
			buildActionMask = 2147483647;
			files = (
				52284CE76CCA0AC3B42F0AB0 /* MeasurementRun.swift in Sources */,
			);
			runOnlyForDeploymentPostprocessing = 0;
		};
		E3CAEC24F9BDA73623B1F175 /* Sources */ = {
			isa = PBXSourcesBuildPhase;
			buildActionMask = 2147483647;
			files = (
				FC56DA33E7251169A7A30457 /* AggregationTests.swift in Sources */,
				89AD569E980B3E0C28513FFC /* ArmComparisonTests.swift in Sources */,
				52EB5FF0199A86445A7A6FB3 /* FakePlayer.swift in Sources */,
				3583BA7618AD02F9E52F5974 /* ManifestLoaderTests.swift in Sources */,
				11DF6E0010E9F372429AB365 /* MemoryPeakTrackerTests.swift in Sources */,
				3CD015B3B8BCC7295BE11F2C /* MetricsEngineTests.swift in Sources */,
				14C2BA042C9835EA43BB1EA5 /* MetricsPurityTests.swift in Sources */,
				7E8459ADBC92D53D0A85045E /* PlayerPoolTests.swift in Sources */,
				3EE0BD266E502183015CA3E2 /* PreloadStrategyTests.swift in Sources */,
				F2F2948793FCDD1DCFA12DA4 /* PreparationPlannerTests.swift in Sources */,
				C57C24284E8B4982F0DA56B3 /* SessionStoreTests.swift in Sources */,
			);
			runOnlyForDeploymentPostprocessing = 0;
		};
/* End PBXSourcesBuildPhase section */

/* Begin PBXTargetDependency section */
		1E2CEC3296339F02814DEA00 /* PBXTargetDependency */ = {
			isa = PBXTargetDependency;
			target = 8CE43245A76A2C02D669B893 /* FeedLab */;
			targetProxy = 1AC680DA6FC0C6CB5873CB9F /* PBXContainerItemProxy */;
		};
		CCD945742118A5EA4EFE34C6 /* PBXTargetDependency */ = {
			isa = PBXTargetDependency;
			target = 8CE43245A76A2C02D669B893 /* FeedLab */;
			targetProxy = 2F7EFE570897150056360EB6 /* PBXContainerItemProxy */;
		};
/* End PBXTargetDependency section */

/* Begin XCBuildConfiguration section */
		1C162161F9FDF76E28768B6D /* Debug */ = {
			isa = XCBuildConfiguration;
			buildSettings = {
				BUNDLE_LOADER = "$(TEST_HOST)";
				GENERATE_INFOPLIST_FILE = YES;
				LD_RUNPATH_SEARCH_PATHS = (
					"$(inherited)",
					"@executable_path/Frameworks",
					"@loader_path/Frameworks",
				);
				PRODUCT_BUNDLE_IDENTIFIER = dev.emanuelazage.FeedLabTests;
				SDKROOT = iphoneos;
				TARGETED_DEVICE_FAMILY = "1,2";
				TEST_HOST = "$(BUILT_PRODUCTS_DIR)/FeedLab.app/FeedLab";
			};
			name = Debug;
		};
		26588EC071BB10B2F85D3616 /* Measure */ = {
			isa = XCBuildConfiguration;
			baseConfigurationReference = "TEMP_EFB4C776-95AD-4161-8E64-71A2FF365DF5" /* Signing.xcconfig */;
			buildSettings = {
				ASSETCATALOG_COMPILER_APPICON_NAME = AppIcon;
				CODE_SIGN_IDENTITY = "iPhone Developer";
				INFOPLIST_FILE = FeedLab/App/Info.plist;
				LD_RUNPATH_SEARCH_PATHS = (
					"$(inherited)",
					"@executable_path/Frameworks",
				);
				PRODUCT_BUNDLE_IDENTIFIER = dev.emanuelazage.FeedLab;
				PRODUCT_NAME = FeedLab;
				SDKROOT = iphoneos;
				TARGETED_DEVICE_FAMILY = 1;
			};
			name = Measure;
		};
		268E918EEE3E9BCDA05A90CB /* Release */ = {
			isa = XCBuildConfiguration;
			baseConfigurationReference = "TEMP_EFB4C776-95AD-4161-8E64-71A2FF365DF5" /* Signing.xcconfig */;
			buildSettings = {
				BUNDLE_LOADER = "$(TEST_HOST)";
				GENERATE_INFOPLIST_FILE = YES;
				LD_RUNPATH_SEARCH_PATHS = (
					"$(inherited)",
					"@executable_path/Frameworks",
					"@loader_path/Frameworks",
				);
				PRODUCT_BUNDLE_IDENTIFIER = dev.emanuelazage.FeedLabRunner;
				SDKROOT = iphoneos;
				TARGETED_DEVICE_FAMILY = "1,2";
				TEST_TARGET_NAME = FeedLab;
			};
			name = Release;
		};
		39E6DAF75172A6D0933C1EDF /* Release */ = {
			isa = XCBuildConfiguration;
			buildSettings = {
				ALWAYS_SEARCH_USER_PATHS = NO;
				CLANG_ANALYZER_NONNULL = YES;
				CLANG_ANALYZER_NUMBER_OBJECT_CONVERSION = YES_AGGRESSIVE;
				CLANG_CXX_LANGUAGE_STANDARD = "gnu++14";
				CLANG_CXX_LIBRARY = "libc++";
				CLANG_ENABLE_MODULES = YES;
				CLANG_ENABLE_OBJC_ARC = YES;
				CLANG_ENABLE_OBJC_WEAK = YES;
				CLANG_WARN_BLOCK_CAPTURE_AUTORELEASING = YES;
				CLANG_WARN_BOOL_CONVERSION = YES;
				CLANG_WARN_COMMA = YES;
				CLANG_WARN_CONSTANT_CONVERSION = YES;
				CLANG_WARN_DEPRECATED_OBJC_IMPLEMENTATIONS = YES;
				CLANG_WARN_DIRECT_OBJC_ISA_USAGE = YES_ERROR;
				CLANG_WARN_DOCUMENTATION_COMMENTS = YES;
				CLANG_WARN_EMPTY_BODY = YES;
				CLANG_WARN_ENUM_CONVERSION = YES;
				CLANG_WARN_INFINITE_RECURSION = YES;
				CLANG_WARN_INT_CONVERSION = YES;
				CLANG_WARN_NON_LITERAL_NULL_CONVERSION = YES;
				CLANG_WARN_OBJC_IMPLICIT_RETAIN_SELF = YES;
				CLANG_WARN_OBJC_LITERAL_CONVERSION = YES;
				CLANG_WARN_OBJC_ROOT_CLASS = YES_ERROR;
				CLANG_WARN_QUOTED_INCLUDE_IN_FRAMEWORK_HEADER = YES;
				CLANG_WARN_RANGE_LOOP_ANALYSIS = YES;
				CLANG_WARN_STRICT_PROTOTYPES = YES;
				CLANG_WARN_SUSPICIOUS_MOVE = YES;
				CLANG_WARN_UNGUARDED_AVAILABILITY = YES_AGGRESSIVE;
				CLANG_WARN_UNREACHABLE_CODE = YES;
				CLANG_WARN__DUPLICATE_METHOD_MATCH = YES;
				CODE_SIGN_STYLE = Automatic;
				COPY_PHASE_STRIP = NO;
				DEBUG_INFORMATION_FORMAT = "dwarf-with-dsym";
				ENABLE_NS_ASSERTIONS = NO;
				ENABLE_STRICT_OBJC_MSGSEND = YES;
				ENABLE_USER_SCRIPT_SANDBOXING = YES;
				GCC_C_LANGUAGE_STANDARD = gnu11;
				GCC_NO_COMMON_BLOCKS = YES;
				GCC_WARN_64_TO_32_BIT_CONVERSION = YES;
				GCC_WARN_ABOUT_RETURN_TYPE = YES_ERROR;
				GCC_WARN_UNDECLARED_SELECTOR = YES;
				GCC_WARN_UNINITIALIZED_AUTOS = YES_AGGRESSIVE;
				GCC_WARN_UNUSED_FUNCTION = YES;
				GCC_WARN_UNUSED_VARIABLE = YES;
				IPHONEOS_DEPLOYMENT_TARGET = 17.0;
				MTL_ENABLE_DEBUG_INFO = NO;
				MTL_FAST_MATH = YES;
				PRODUCT_NAME = "$(TARGET_NAME)";
				SDKROOT = iphoneos;
				SWIFT_ACTIVE_COMPILATION_CONDITIONS = "";
				SWIFT_COMPILATION_MODE = wholemodule;
				SWIFT_EMIT_LOC_STRINGS = NO;
				SWIFT_OPTIMIZATION_LEVEL = "-O";
				SWIFT_VERSION = 6.0;
				TARGETED_DEVICE_FAMILY = 1;
			};
			name = Release;
		};
		3A947121F6B0A5E1BF72D75A /* Debug */ = {
			isa = XCBuildConfiguration;
			baseConfigurationReference = "TEMP_EFB4C776-95AD-4161-8E64-71A2FF365DF5" /* Signing.xcconfig */;
			buildSettings = {
				BUNDLE_LOADER = "$(TEST_HOST)";
				GENERATE_INFOPLIST_FILE = YES;
				LD_RUNPATH_SEARCH_PATHS = (
					"$(inherited)",
					"@executable_path/Frameworks",
					"@loader_path/Frameworks",
				);
				PRODUCT_BUNDLE_IDENTIFIER = dev.emanuelazage.FeedLabRunner;
				SDKROOT = iphoneos;
				TARGETED_DEVICE_FAMILY = "1,2";
				TEST_TARGET_NAME = FeedLab;
			};
			name = Debug;
		};
		4FF92F848FDACA78C6CCCD49 /* Debug */ = {
			isa = XCBuildConfiguration;
			baseConfigurationReference = "TEMP_EFB4C776-95AD-4161-8E64-71A2FF365DF5" /* Signing.xcconfig */;
			buildSettings = {
				ASSETCATALOG_COMPILER_APPICON_NAME = AppIcon;
				CODE_SIGN_IDENTITY = "iPhone Developer";
				INFOPLIST_FILE = FeedLab/App/Info.plist;
				LD_RUNPATH_SEARCH_PATHS = (
					"$(inherited)",
					"@executable_path/Frameworks",
				);
				PRODUCT_BUNDLE_IDENTIFIER = dev.emanuelazage.FeedLab;
				PRODUCT_NAME = FeedLab;
				SDKROOT = iphoneos;
				TARGETED_DEVICE_FAMILY = 1;
			};
			name = Debug;
		};
		5F13DD0410381B6C484E2D94 /* Debug */ = {
			isa = XCBuildConfiguration;
			buildSettings = {
				ALWAYS_SEARCH_USER_PATHS = NO;
				CLANG_ANALYZER_NONNULL = YES;
				CLANG_ANALYZER_NUMBER_OBJECT_CONVERSION = YES_AGGRESSIVE;
				CLANG_CXX_LANGUAGE_STANDARD = "gnu++14";
				CLANG_CXX_LIBRARY = "libc++";
				CLANG_ENABLE_MODULES = YES;
				CLANG_ENABLE_OBJC_ARC = YES;
				CLANG_ENABLE_OBJC_WEAK = YES;
				CLANG_WARN_BLOCK_CAPTURE_AUTORELEASING = YES;
				CLANG_WARN_BOOL_CONVERSION = YES;
				CLANG_WARN_COMMA = YES;
				CLANG_WARN_CONSTANT_CONVERSION = YES;
				CLANG_WARN_DEPRECATED_OBJC_IMPLEMENTATIONS = YES;
				CLANG_WARN_DIRECT_OBJC_ISA_USAGE = YES_ERROR;
				CLANG_WARN_DOCUMENTATION_COMMENTS = YES;
				CLANG_WARN_EMPTY_BODY = YES;
				CLANG_WARN_ENUM_CONVERSION = YES;
				CLANG_WARN_INFINITE_RECURSION = YES;
				CLANG_WARN_INT_CONVERSION = YES;
				CLANG_WARN_NON_LITERAL_NULL_CONVERSION = YES;
				CLANG_WARN_OBJC_IMPLICIT_RETAIN_SELF = YES;
				CLANG_WARN_OBJC_LITERAL_CONVERSION = YES;
				CLANG_WARN_OBJC_ROOT_CLASS = YES_ERROR;
				CLANG_WARN_QUOTED_INCLUDE_IN_FRAMEWORK_HEADER = YES;
				CLANG_WARN_RANGE_LOOP_ANALYSIS = YES;
				CLANG_WARN_STRICT_PROTOTYPES = YES;
				CLANG_WARN_SUSPICIOUS_MOVE = YES;
				CLANG_WARN_UNGUARDED_AVAILABILITY = YES_AGGRESSIVE;
				CLANG_WARN_UNREACHABLE_CODE = YES;
				CLANG_WARN__DUPLICATE_METHOD_MATCH = YES;
				CODE_SIGN_STYLE = Automatic;
				COPY_PHASE_STRIP = NO;
				DEBUG_INFORMATION_FORMAT = dwarf;
				ENABLE_STRICT_OBJC_MSGSEND = YES;
				ENABLE_TESTABILITY = YES;
				ENABLE_USER_SCRIPT_SANDBOXING = YES;
				GCC_C_LANGUAGE_STANDARD = gnu11;
				GCC_DYNAMIC_NO_PIC = NO;
				GCC_NO_COMMON_BLOCKS = YES;
				GCC_OPTIMIZATION_LEVEL = 0;
				GCC_PREPROCESSOR_DEFINITIONS = (
					"$(inherited)",
					"DEBUG=1",
				);
				GCC_WARN_64_TO_32_BIT_CONVERSION = YES;
				GCC_WARN_ABOUT_RETURN_TYPE = YES_ERROR;
				GCC_WARN_UNDECLARED_SELECTOR = YES;
				GCC_WARN_UNINITIALIZED_AUTOS = YES_AGGRESSIVE;
				GCC_WARN_UNUSED_FUNCTION = YES;
				GCC_WARN_UNUSED_VARIABLE = YES;
				IPHONEOS_DEPLOYMENT_TARGET = 17.0;
				MTL_ENABLE_DEBUG_INFO = INCLUDE_SOURCE;
				MTL_FAST_MATH = YES;
				ONLY_ACTIVE_ARCH = YES;
				PRODUCT_NAME = "$(TARGET_NAME)";
				SDKROOT = iphoneos;
				SWIFT_ACTIVE_COMPILATION_CONDITIONS = "DEBUG FEEDLAB_TOOLS";
				SWIFT_EMIT_LOC_STRINGS = NO;
				SWIFT_OPTIMIZATION_LEVEL = "-Onone";
				SWIFT_VERSION = 6.0;
				TARGETED_DEVICE_FAMILY = 1;
			};
			name = Debug;
		};
		6DE21C7B85A0A7B5C4E72854 /* Measure */ = {
			isa = XCBuildConfiguration;
			buildSettings = {
				BUNDLE_LOADER = "$(TEST_HOST)";
				GENERATE_INFOPLIST_FILE = YES;
				LD_RUNPATH_SEARCH_PATHS = (
					"$(inherited)",
					"@executable_path/Frameworks",
					"@loader_path/Frameworks",
				);
				PRODUCT_BUNDLE_IDENTIFIER = dev.emanuelazage.FeedLabTests;
				SDKROOT = iphoneos;
				TARGETED_DEVICE_FAMILY = "1,2";
				TEST_HOST = "$(BUILT_PRODUCTS_DIR)/FeedLab.app/FeedLab";
			};
			name = Measure;
		};
		7DDF70B342C32BB9EC89B526 /* Measure */ = {
			isa = XCBuildConfiguration;
			baseConfigurationReference = "TEMP_EFB4C776-95AD-4161-8E64-71A2FF365DF5" /* Signing.xcconfig */;
			buildSettings = {
				BUNDLE_LOADER = "$(TEST_HOST)";
				GENERATE_INFOPLIST_FILE = YES;
				LD_RUNPATH_SEARCH_PATHS = (
					"$(inherited)",
					"@executable_path/Frameworks",
					"@loader_path/Frameworks",
				);
				PRODUCT_BUNDLE_IDENTIFIER = dev.emanuelazage.FeedLabRunner;
				SDKROOT = iphoneos;
				TARGETED_DEVICE_FAMILY = "1,2";
				TEST_TARGET_NAME = FeedLab;
			};
			name = Measure;
		};
		898A1A77639740C65E9E2FD2 /* Measure */ = {
			isa = XCBuildConfiguration;
			buildSettings = {
				ALWAYS_SEARCH_USER_PATHS = NO;
				CLANG_ANALYZER_NONNULL = YES;
				CLANG_ANALYZER_NUMBER_OBJECT_CONVERSION = YES_AGGRESSIVE;
				CLANG_CXX_LANGUAGE_STANDARD = "gnu++14";
				CLANG_CXX_LIBRARY = "libc++";
				CLANG_ENABLE_MODULES = YES;
				CLANG_ENABLE_OBJC_ARC = YES;
				CLANG_ENABLE_OBJC_WEAK = YES;
				CLANG_WARN_BLOCK_CAPTURE_AUTORELEASING = YES;
				CLANG_WARN_BOOL_CONVERSION = YES;
				CLANG_WARN_COMMA = YES;
				CLANG_WARN_CONSTANT_CONVERSION = YES;
				CLANG_WARN_DEPRECATED_OBJC_IMPLEMENTATIONS = YES;
				CLANG_WARN_DIRECT_OBJC_ISA_USAGE = YES_ERROR;
				CLANG_WARN_DOCUMENTATION_COMMENTS = YES;
				CLANG_WARN_EMPTY_BODY = YES;
				CLANG_WARN_ENUM_CONVERSION = YES;
				CLANG_WARN_INFINITE_RECURSION = YES;
				CLANG_WARN_INT_CONVERSION = YES;
				CLANG_WARN_NON_LITERAL_NULL_CONVERSION = YES;
				CLANG_WARN_OBJC_IMPLICIT_RETAIN_SELF = YES;
				CLANG_WARN_OBJC_LITERAL_CONVERSION = YES;
				CLANG_WARN_OBJC_ROOT_CLASS = YES_ERROR;
				CLANG_WARN_QUOTED_INCLUDE_IN_FRAMEWORK_HEADER = YES;
				CLANG_WARN_RANGE_LOOP_ANALYSIS = YES;
				CLANG_WARN_STRICT_PROTOTYPES = YES;
				CLANG_WARN_SUSPICIOUS_MOVE = YES;
				CLANG_WARN_UNGUARDED_AVAILABILITY = YES_AGGRESSIVE;
				CLANG_WARN_UNREACHABLE_CODE = YES;
				CLANG_WARN__DUPLICATE_METHOD_MATCH = YES;
				CODE_SIGN_STYLE = Automatic;
				COPY_PHASE_STRIP = NO;
				DEBUG_INFORMATION_FORMAT = "dwarf-with-dsym";
				ENABLE_NS_ASSERTIONS = NO;
				ENABLE_STRICT_OBJC_MSGSEND = YES;
				ENABLE_USER_SCRIPT_SANDBOXING = YES;
				GCC_C_LANGUAGE_STANDARD = gnu11;
				GCC_NO_COMMON_BLOCKS = YES;
				GCC_WARN_64_TO_32_BIT_CONVERSION = YES;
				GCC_WARN_ABOUT_RETURN_TYPE = YES_ERROR;
				GCC_WARN_UNDECLARED_SELECTOR = YES;
				GCC_WARN_UNINITIALIZED_AUTOS = YES_AGGRESSIVE;
				GCC_WARN_UNUSED_FUNCTION = YES;
				GCC_WARN_UNUSED_VARIABLE = YES;
				IPHONEOS_DEPLOYMENT_TARGET = 17.0;
				MTL_ENABLE_DEBUG_INFO = NO;
				MTL_FAST_MATH = YES;
				PRODUCT_NAME = "$(TARGET_NAME)";
				SDKROOT = iphoneos;
				SWIFT_ACTIVE_COMPILATION_CONDITIONS = FEEDLAB_TOOLS;
				SWIFT_COMPILATION_MODE = wholemodule;
				SWIFT_EMIT_LOC_STRINGS = NO;
				SWIFT_OPTIMIZATION_LEVEL = "-O";
				SWIFT_VERSION = 6.0;
				TARGETED_DEVICE_FAMILY = 1;
			};
			name = Measure;
		};
		B28B23F873516289D54D5B05 /* Release */ = {
			isa = XCBuildConfiguration;
			buildSettings = {
				BUNDLE_LOADER = "$(TEST_HOST)";
				GENERATE_INFOPLIST_FILE = YES;
				LD_RUNPATH_SEARCH_PATHS = (
					"$(inherited)",
					"@executable_path/Frameworks",
					"@loader_path/Frameworks",
				);
				PRODUCT_BUNDLE_IDENTIFIER = dev.emanuelazage.FeedLabTests;
				SDKROOT = iphoneos;
				TARGETED_DEVICE_FAMILY = "1,2";
				TEST_HOST = "$(BUILT_PRODUCTS_DIR)/FeedLab.app/FeedLab";
			};
			name = Release;
		};
		CEAFF5460898B294CB825DED /* Release */ = {
			isa = XCBuildConfiguration;
			baseConfigurationReference = "TEMP_EFB4C776-95AD-4161-8E64-71A2FF365DF5" /* Signing.xcconfig */;
			buildSettings = {
				ASSETCATALOG_COMPILER_APPICON_NAME = AppIcon;
				CODE_SIGN_IDENTITY = "iPhone Developer";
				INFOPLIST_FILE = FeedLab/App/Info.plist;
				LD_RUNPATH_SEARCH_PATHS = (
					"$(inherited)",
					"@executable_path/Frameworks",
				);
				PRODUCT_BUNDLE_IDENTIFIER = dev.emanuelazage.FeedLab;
				PRODUCT_NAME = FeedLab;
				SDKROOT = iphoneos;
				TARGETED_DEVICE_FAMILY = 1;
			};
			name = Release;
		};
/* End XCBuildConfiguration section */

/* Begin XCConfigurationList section */
		8B477053E4BB2836807B59CD /* Build configuration list for PBXNativeTarget "FeedLab" */ = {
			isa = XCConfigurationList;
			buildConfigurations = (
				4FF92F848FDACA78C6CCCD49 /* Debug */,
				26588EC071BB10B2F85D3616 /* Measure */,
				CEAFF5460898B294CB825DED /* Release */,
			);
			defaultConfigurationIsVisible = 0;
			defaultConfigurationName = Debug;
		};
		8B99089BC0683476A74971F7 /* Build configuration list for PBXNativeTarget "FeedLabRunner" */ = {
			isa = XCConfigurationList;
			buildConfigurations = (
				3A947121F6B0A5E1BF72D75A /* Debug */,
				7DDF70B342C32BB9EC89B526 /* Measure */,
				268E918EEE3E9BCDA05A90CB /* Release */,
			);
			defaultConfigurationIsVisible = 0;
			defaultConfigurationName = Debug;
		};
		D7ACEE2AA7DFBF219BD2E34C /* Build configuration list for PBXProject "FeedLab" */ = {
			isa = XCConfigurationList;
			buildConfigurations = (
				5F13DD0410381B6C484E2D94 /* Debug */,
				898A1A77639740C65E9E2FD2 /* Measure */,
				39E6DAF75172A6D0933C1EDF /* Release */,
			);
			defaultConfigurationIsVisible = 0;
			defaultConfigurationName = Debug;
		};
		F058D56C076A411D0F8C5698 /* Build configuration list for PBXNativeTarget "FeedLabTests" */ = {
			isa = XCConfigurationList;
			buildConfigurations = (
				1C162161F9FDF76E28768B6D /* Debug */,
				6DE21C7B85A0A7B5C4E72854 /* Measure */,
				B28B23F873516289D54D5B05 /* Release */,
			);
			defaultConfigurationIsVisible = 0;
			defaultConfigurationName = Debug;
		};
/* End XCConfigurationList section */
	};
	rootObject = 596485BD505729ED02516169 /* Project object */;
}
